Microsoft Visual Studio Solution File, Format Version 12.00
# Visual Studio Version 17
VisualStudioVersion = 17.5.2.0
MinimumVisualStudioVersion = 10.0.40219.1
Project("{FAE04EC0-301F-11D3-BF4B-00C04F79EFBC}") = "ProjetoCRUD", "ProjetoCRUD.csproj", "{EDDE7B3F-0ACA-F637-5731-9E24D78003B1}"
EndProject
Global
	GlobalSection(SolutionConfigurationPlatforms) = preSolution
		Debug|Any CPU = Debug|Any CPU
		Release|Any CPU = Release|Any CPU
	EndGlobalSection
	GlobalSection(ProjectConfigurationPlatforms) = postSolution
		{EDDE7B3F-0ACA-F637-5731-9E24D78003B1}.Debug|Any CPU.ActiveCfg = Debug|Any CPU
		{EDDE7B3F-0ACA-F637-5731-9E24D78003B1}.Debug|Any CPU.Build.0 = Debug|Any CPU
		{EDDE7B3F-0ACA-F637-5731-9E24D78003B1}.Release|Any CPU.ActiveCfg = Release|Any CPU
		{EDDE7B3F-0ACA-F637-5731-9E24D78003B1}.Release|Any CPU.Build.0 = Release|Any CPU
	EndGlobalSection
	GlobalSection(SolutionProperties) = preSolution
		HideSolutionNode = FALSE
	EndGlobalSection
	GlobalSection(ExtensibilityGlobals) = postSolution
		SolutionGuid = {2E45B5AB-0967-4731-8A02-F9FCC3408E2D}
	EndGlobalSection
EndGlobal
